// !$*UTF8*$!
{
	archiveVersion = 1;
	classes = {
	};
	objectVersion = 51;
	objects = {

/* Begin PBXBuildFile section */
		04A3DD9C25C2FEBB007ADB2C /* Constants.swift in Sources */ = {isa = PBXBuildFile; fileRef = 04A3DD9B25C2FEBB007ADB2C /* Constants.swift */; };
		04FB41DE25C2C2A500B6A6AF /* AppDelegate.swift in Sources */ = {isa = PBXBuildFile; fileRef = 04FB41DD25C2C2A500B6A6AF /* AppDelegate.swift */; };
		04FB41E025C2C2A500B6A6AF /* SceneDelegate.swift in Sources */ = {isa = PBXBuildFile; fileRef = 04FB41DF25C2C2A500B6A6AF /* SceneDelegate.swift */; };
		04FB41E725C2C2A700B6A6AF /* Assets.xcassets in Resources */ = {isa = PBXBuildFile; fileRef = 04FB41E625C2C2A700B6A6AF /* Assets.xcassets */; };
		04FB41EA25C2C2A700B6A6AF /* LaunchScreen.storyboard in Resources */ = {isa = PBXBuildFile; fileRef = 04FB41E825C2C2A700B6A6AF /* LaunchScreen.storyboard */; };
		04FB41F525C2C2A700B6A6AF /* TimFretelloTests.swift in Sources */ = {isa = PBXBuildFile; fileRef = 04FB41F425C2C2A700B6A6AF /* TimFretelloTests.swift */; };
		04FB420025C2C2A700B6A6AF /* TimFretelloUITests.swift in Sources */ = {isa = PBXBuildFile; fileRef = 04FB41FF25C2C2A700B6A6AF /* TimFretelloUITests.swift */; };
		04FB421C25C2C66800B6A6AF /* HomeViewController.swift in Sources */ = {isa = PBXBuildFile; fileRef = 04FB421B25C2C66800B6A6AF /* HomeViewController.swift */; };
		04FB423125C2CA8700B6A6AF /* ApiClient.swift in Sources */ = {isa = PBXBuildFile; fileRef = 04FB423025C2CA8700B6A6AF /* ApiClient.swift */; };
		04FB423925C2CAE200B6A6AF /* SessionsModel.swift in Sources */ = {isa = PBXBuildFile; fileRef = 04FB423825C2CAE200B6A6AF /* SessionsModel.swift */; };
		04FB423F25C2CD6D00B6A6AF /* HomeViewWorker.swift in Sources */ = {isa = PBXBuildFile; fileRef = 04FB423E25C2CD6D00B6A6AF /* HomeViewWorker.swift */; };
		04FB424725C2D2F600B6A6AF /* HomeViewInteractor.swift in Sources */ = {isa = PBXBuildFile; fileRef = 04FB424625C2D2F600B6A6AF /* HomeViewInteractor.swift */; };
		04FB424F25C2D46600B6A6AF /* HomeViewPresenter.swift in Sources */ = {isa = PBXBuildFile; fileRef = 04FB424E25C2D46600B6A6AF /* HomeViewPresenter.swift */; };
		04FB425A25C2E74500B6A6AF /* SessionCell.swift in Sources */ = {isa = PBXBuildFile; fileRef = 04FB425925C2E74500B6A6AF /* SessionCell.swift */; };
		3B073A5AF0FA0FB6605F184B /* Pods_TimFretello_TimFretelloUITests.framework in Frameworks */ = {isa = PBXBuildFile; fileRef = DBB7A3BDF2D358943A4F79E6 /* Pods_TimFretello_TimFretelloUITests.framework */; };
		A5E8E63B30A4B1B0D303EC2A /* Pods_TimFretelloTests.framework in Frameworks */ = {isa = PBXBuildFile; fileRef = A4617CB7DF03FD64401E0F08 /* Pods_TimFretelloTests.framework */; };
		F5BC2C9ECE977724F402760A /* Pods_TimFretello.framework in Frameworks */ = {isa = PBXBuildFile; fileRef = 00ABC96FFCE980D396BF2F99 /* Pods_TimFretello.framework */; };
/* End PBXBuildFile section */

/* Begin PBXContainerItemProxy section */
		04FB41F125C2C2A700B6A6AF /* PBXContainerItemProxy */ = {
			isa = PBXContainerItemProxy;
			containerPortal = 04FB41D225C2C2A500B6A6AF /* Project object */;
			proxyType = 1;
			remoteGlobalIDString = 04FB41D925C2C2A500B6A6AF;
			remoteInfo = TimFretello;
		};
		04FB41FC25C2C2A700B6A6AF /* PBXContainerItemProxy */ = {
			isa = PBXContainerItemProxy;
			containerPortal = 04FB41D225C2C2A500B6A6AF /* Project object */;
			proxyType = 1;
			remoteGlobalIDString = 04FB41D925C2C2A500B6A6AF;
			remoteInfo = TimFretello;
		};
/* End PBXContainerItemProxy section */

/* Begin PBXFileReference section */
		00ABC96FFCE980D396BF2F99 /* Pods_TimFretello.framework */ = {isa = PBXFileReference; explicitFileType = wrapper.framework; includeInIndex = 0; path = Pods_TimFretello.framework; sourceTree = BUILT_PRODUCTS_DIR; };
		04A3DD9B25C2FEBB007ADB2C /* Constants.swift */ = {isa = PBXFileReference; lastKnownFileType = sourcecode.swift; path = Constants.swift; sourceTree = "<group>"; };
		04FB41DA25C2C2A500B6A6AF /* TimFretello.app */ = {isa = PBXFileReference; explicitFileType = wrapper.application; includeInIndex = 0; path = TimFretello.app; sourceTree = BUILT_PRODUCTS_DIR; };
		04FB41DD25C2C2A500B6A6AF /* AppDelegate.swift */ = {isa = PBXFileReference; lastKnownFileType = sourcecode.swift; path = AppDelegate.swift; sourceTree = "<group>"; };
		04FB41DF25C2C2A500B6A6AF /* SceneDelegate.swift */ = {isa = PBXFileReference; lastKnownFileType = sourcecode.swift; path = SceneDelegate.swift; sourceTree = "<group>"; };
		04FB41E625C2C2A700B6A6AF /* Assets.xcassets */ = {isa = PBXFileReference; lastKnownFileType = folder.assetcatalog; path = Assets.xcassets; sourceTree = "<group>"; };
		04FB41E925C2C2A700B6A6AF /* Base */ = {isa = PBXFileReference; lastKnownFileType = file.storyboard; name = Base; path = Base.lproj/LaunchScreen.storyboard; sourceTree = "<group>"; };
		04FB41EB25C2C2A700B6A6AF /* Info.plist */ = {isa = PBXFileReference; lastKnownFileType = text.plist.xml; path = Info.plist; sourceTree = "<group>"; };
		04FB41F025C2C2A700B6A6AF /* TimFretelloTests.xctest */ = {isa = PBXFileReference; explicitFileType = wrapper.cfbundle; includeInIndex = 0; path = TimFretelloTests.xctest; sourceTree = BUILT_PRODUCTS_DIR; };
		04FB41F425C2C2A700B6A6AF /* TimFretelloTests.swift */ = {isa = PBXFileReference; lastKnownFileType = sourcecode.swift; path = TimFretelloTests.swift; sourceTree = "<group>"; };
		04FB41F625C2C2A700B6A6AF /* Info.plist */ = {isa = PBXFileReference; lastKnownFileType = text.plist.xml; path = Info.plist; sourceTree = "<group>"; };
		04FB41FB25C2C2A700B6A6AF /* TimFretelloUITests.xctest */ = {isa = PBXFileReference; explicitFileType = wrapper.cfbundle; includeInIndex = 0; path = TimFretelloUITests.xctest; sourceTree = BUILT_PRODUCTS_DIR; };
		04FB41FF25C2C2A700B6A6AF /* TimFretelloUITests.swift */ = {isa = PBXFileReference; lastKnownFileType = sourcecode.swift; path = TimFretelloUITests.swift; sourceTree = "<group>"; };
		04FB420125C2C2A700B6A6AF /* Info.plist */ = {isa = PBXFileReference; lastKnownFileType = text.plist.xml; path = Info.plist; sourceTree = "<group>"; };
		04FB421B25C2C66800B6A6AF /* HomeViewController.swift */ = {isa = PBXFileReference; lastKnownFileType = sourcecode.swift; path = HomeViewController.swift; sourceTree = "<group>"; };
		04FB423025C2CA8700B6A6AF /* ApiClient.swift */ = {isa = PBXFileReference; lastKnownFileType = sourcecode.swift; path = ApiClient.swift; sourceTree = "<group>"; };
		04FB423825C2CAE200B6A6AF /* SessionsModel.swift */ = {isa = PBXFileReference; lastKnownFileType = sourcecode.swift; path = SessionsModel.swift; sourceTree = "<group>"; };
		04FB423E25C2CD6D00B6A6AF /* HomeViewWorker.swift */ = {isa = PBXFileReference; lastKnownFileType = sourcecode.swift; path = HomeViewWorker.swift; sourceTree = "<group>"; };
		04FB424625C2D2F600B6A6AF /* HomeViewInteractor.swift */ = {isa = PBXFileReference; lastKnownFileType = sourcecode.swift; path = HomeViewInteractor.swift; sourceTree = "<group>"; };
		04FB424E25C2D46600B6A6AF /* HomeViewPresenter.swift */ = {isa = PBXFileReference; lastKnownFileType = sourcecode.swift; path = HomeViewPresenter.swift; sourceTree = "<group>"; };
		04FB425925C2E74500B6A6AF /* SessionCell.swift */ = {isa = PBXFileReference; lastKnownFileType = sourcecode.swift; path = SessionCell.swift; sourceTree = "<group>"; };
		4E9AFC1C108F065500084AAC /* Pods-TimFretelloTests.release.xcconfig */ = {isa = PBXFileReference; includeInIndex = 1; lastKnownFileType = text.xcconfig; name = "Pods-TimFretelloTests.release.xcconfig"; path = "Target Support Files/Pods-TimFretelloTests/Pods-TimFretelloTests.release.xcconfig"; sourceTree = "<group>"; };
		546B04B0B59F23B24AC92690 /* Pods-TimFretelloTests.debug.xcconfig */ = {isa = PBXFileReference; includeInIndex = 1; lastKnownFileType = text.xcconfig; name = "Pods-TimFretelloTests.debug.xcconfig"; path = "Target Support Files/Pods-TimFretelloTests/Pods-TimFretelloTests.debug.xcconfig"; sourceTree = "<group>"; };
		91C0D3B67B772A93EA2DF307 /* Pods-TimFretello-TimFretelloUITests.release.xcconfig */ = {isa = PBXFileReference; includeInIndex = 1; lastKnownFileType = text.xcconfig; name = "Pods-TimFretello-TimFretelloUITests.release.xcconfig"; path = "Target Support Files/Pods-TimFretello-TimFretelloUITests/Pods-TimFretello-TimFretelloUITests.release.xcconfig"; sourceTree = "<group>"; };
		A4617CB7DF03FD64401E0F08 /* Pods_TimFretelloTests.framework */ = {isa = PBXFileReference; explicitFileType = wrapper.framework; includeInIndex = 0; path = Pods_TimFretelloTests.framework; sourceTree = BUILT_PRODUCTS_DIR; };
		B1A32371D675EA34A259FDAC /* Pods-TimFretello.debug.xcconfig */ = {isa = PBXFileReference; includeInIndex = 1; lastKnownFileType = text.xcconfig; name = "Pods-TimFretello.debug.xcconfig"; path = "Target Support Files/Pods-TimFretello/Pods-TimFretello.debug.xcconfig"; sourceTree = "<group>"; };
		C343CDA4706D663036BE26CB /* Pods-TimFretello-TimFretelloUITests.debug.xcconfig */ = {isa = PBXFileReference; includeInIndex = 1; lastKnownFileType = text.xcconfig; name = "Pods-TimFretello-TimFretelloUITests.debug.xcconfig"; path = "Target Support Files/Pods-TimFretello-TimFretelloUITests/Pods-TimFretello-TimFretelloUITests.debug.xcconfig"; sourceTree = "<group>"; };
		D314092D62A34D5BA6481240 /* Pods-TimFretello.release.xcconfig */ = {isa = PBXFileReference; includeInIndex = 1; lastKnownFileType = text.xcconfig; name = "Pods-TimFretello.release.xcconfig"; path = "Target Support Files/Pods-TimFretello/Pods-TimFretello.release.xcconfig"; sourceTree = "<group>"; };
		DBB7A3BDF2D358943A4F79E6 /* Pods_TimFretello_TimFretelloUITests.framework */ = {isa = PBXFileReference; explicitFileType = wrapper.framework; includeInIndex = 0; path = Pods_TimFretello_TimFretelloUITests.framework; sourceTree = BUILT_PRODUCTS_DIR; };
/* End PBXFileReference section */

/* Begin PBXFrameworksBuildPhase section */
		04FB41D725C2C2A500B6A6AF /* Frameworks */ = {
			isa = PBXFrameworksBuildPhase;
			buildActionMask = 2147483647;
			files = (
				F5BC2C9ECE977724F402760A /* Pods_TimFretello.framework in Frameworks */,
			);
			runOnlyForDeploymentPostprocessing = 0;
		};
		04FB41ED25C2C2A700B6A6AF /* Frameworks */ = {
			isa = PBXFrameworksBuildPhase;
			buildActionMask = 2147483647;
			files = (
				A5E8E63B30A4B1B0D303EC2A /* Pods_TimFretelloTests.framework in Frameworks */,
			);
			runOnlyForDeploymentPostprocessing = 0;
		};
		04FB41F825C2C2A700B6A6AF /* Frameworks */ = {
			isa = PBXFrameworksBuildPhase;
			buildActionMask = 2147483647;
			files = (
				3B073A5AF0FA0FB6605F184B /* Pods_TimFretello_TimFretelloUITests.framework in Frameworks */,
			);
			runOnlyForDeploymentPostprocessing = 0;
		};
/* End PBXFrameworksBuildPhase section */

/* Begin PBXGroup section */
		04A3DD9A25C2FEAC007ADB2C /* Constants */ = {
			isa = PBXGroup;
			children = (
				04A3DD9B25C2FEBB007ADB2C /* Constants.swift */,
			);
			path = Constants;
			sourceTree = "<group>";
		};
		04FB41D125C2C2A500B6A6AF = {
			isa = PBXGroup;
			children = (
				04FB41DC25C2C2A500B6A6AF /* TimFretello */,
				04FB41F325C2C2A700B6A6AF /* TimFretelloTests */,
				04FB41FE25C2C2A700B6A6AF /* TimFretelloUITests */,
				04FB41DB25C2C2A500B6A6AF /* Products */,
				5B93D10AD84DF23F6C131FAE /* Pods */,
				54983769C01CEE1450188EC6 /* Frameworks */,
			);
			sourceTree = "<group>";
		};
		04FB41DB25C2C2A500B6A6AF /* Products */ = {
			isa = PBXGroup;
			children = (
				04FB41DA25C2C2A500B6A6AF /* TimFretello.app */,
				04FB41F025C2C2A700B6A6AF /* TimFretelloTests.xctest */,
				04FB41FB25C2C2A700B6A6AF /* TimFretelloUITests.xctest */,
			);
			name = Products;
			sourceTree = "<group>";
		};
		04FB41DC25C2C2A500B6A6AF /* TimFretello */ = {
			isa = PBXGroup;
			children = (
				04A3DD9A25C2FEAC007ADB2C /* Constants */,
				04FB425825C2E73100B6A6AF /* Cell */,
				04FB422F25C2CA7800B6A6AF /* api */,
				04FB422725C2C9B000B6A6AF /* Model */,
				04FB422625C2C98900B6A6AF /* Scene */,
				04FB41DD25C2C2A500B6A6AF /* AppDelegate.swift */,
				04FB41DF25C2C2A500B6A6AF /* SceneDelegate.swift */,
				04FB41E625C2C2A700B6A6AF /* Assets.xcassets */,
				04FB41E825C2C2A700B6A6AF /* LaunchScreen.storyboard */,
				04FB41EB25C2C2A700B6A6AF /* Info.plist */,
			);
			path = TimFretello;
			sourceTree = "<group>";
		};
		04FB41F325C2C2A700B6A6AF /* TimFretelloTests */ = {
			isa = PBXGroup;
			children = (
				04FB41F425C2C2A700B6A6AF /* TimFretelloTests.swift */,
				04FB41F625C2C2A700B6A6AF /* Info.plist */,
			);
			path = TimFretelloTests;
			sourceTree = "<group>";
		};
		04FB41FE25C2C2A700B6A6AF /* TimFretelloUITests */ = {
			isa = PBXGroup;
			children = (
				04FB41FF25C2C2A700B6A6AF /* TimFretelloUITests.swift */,
				04FB420125C2C2A700B6A6AF /* Info.plist */,
			);
			path = TimFretelloUITests;
			sourceTree = "<group>";
		};
		04FB422625C2C98900B6A6AF /* Scene */ = {
			isa = PBXGroup;
			children = (
				04FB423D25C2CD4400B6A6AF /* Home */,
			);
			path = Scene;
			sourceTree = "<group>";
		};
		04FB422725C2C9B000B6A6AF /* Model */ = {
			isa = PBXGroup;
			children = (
				04FB423825C2CAE200B6A6AF /* SessionsModel.swift */,
			);
			path = Model;
			sourceTree = "<group>";
		};
		04FB422F25C2CA7800B6A6AF /* api */ = {
			isa = PBXGroup;
			children = (
				04FB423025C2CA8700B6A6AF /* ApiClient.swift */,
			);
			path = api;
			sourceTree = "<group>";
		};
		04FB423D25C2CD4400B6A6AF /* Home */ = {
			isa = PBXGroup;
			children = (
				04FB421B25C2C66800B6A6AF /* HomeViewController.swift */,
				04FB423E25C2CD6D00B6A6AF /* HomeViewWorker.swift */,
				04FB424625C2D2F600B6A6AF /* HomeViewInteractor.swift */,
				04FB424E25C2D46600B6A6AF /* HomeViewPresenter.swift */,
			);
			path = Home;
			sourceTree = "<group>";
		};
		04FB425825C2E73100B6A6AF /* Cell */ = {
			isa = PBXGroup;
			children = (
				04FB425925C2E74500B6A6AF /* SessionCell.swift */,
			);
			path = Cell;
			sourceTree = "<group>";
		};
		54983769C01CEE1450188EC6 /* Frameworks */ = {
			isa = PBXGroup;
			children = (
				00ABC96FFCE980D396BF2F99 /* Pods_TimFretello.framework */,
				DBB7A3BDF2D358943A4F79E6 /* Pods_TimFretello_TimFretelloUITests.framework */,
				A4617CB7DF03FD64401E0F08 /* Pods_TimFretelloTests.framework */,
			);
			name = Frameworks;
			sourceTree = "<group>";
		};
		5B93D10AD84DF23F6C131FAE /* Pods */ = {
			isa = PBXGroup;
			children = (
				B1A32371D675EA34A259FDAC /* Pods-TimFretello.debug.xcconfig */,
				D314092D62A34D5BA6481240 /* Pods-TimFretello.release.xcconfig */,
				C343CDA4706D663036BE26CB /* Pods-TimFretello-TimFretelloUITests.debug.xcconfig */,
				91C0D3B67B772A93EA2DF307 /* Pods-TimFretello-TimFretelloUITests.release.xcconfig */,
				546B04B0B59F23B24AC92690 /* Pods-TimFretelloTests.debug.xcconfig */,
				4E9AFC1C108F065500084AAC /* Pods-TimFretelloTests.release.xcconfig */,
			);
			path = Pods;
			sourceTree = "<group>";
		};
/* End PBXGroup section */

/* Begin PBXNativeTarget section */
		04FB41D925C2C2A500B6A6AF /* TimFretello */ = {
			isa = PBXNativeTarget;
			buildConfigurationList = 04FB420425C2C2A700B6A6AF /* Build configuration list for PBXNativeTarget "TimFretello" */;
			buildPhases = (
				BE73B31DC9CAE527C865BD54 /* [CP] Check Pods Manifest.lock */,
				04FB41D625C2C2A500B6A6AF /* Sources */,
				04FB41D725C2C2A500B6A6AF /* Frameworks */,
				04FB41D825C2C2A500B6A6AF /* Resources */,
				DE36A3A275FA3A49AE58635E /* [CP] Embed Pods Frameworks */,
			);
			buildRules = (
			);
			dependencies = (
			);
			name = TimFretello;
			productName = TimFretello;
			productReference = 04FB41DA25C2C2A500B6A6AF /* TimFretello.app */;
			productType = "com.apple.product-type.application";
		};
		04FB41EF25C2C2A700B6A6AF /* TimFretelloTests */ = {
			isa = PBXNativeTarget;
			buildConfigurationList = 04FB420725C2C2A700B6A6AF /* Build configuration list for PBXNativeTarget "TimFretelloTests" */;
			buildPhases = (
				2618C2DD730DB6C12064E6CF /* [CP] Check Pods Manifest.lock */,
				04FB41EC25C2C2A700B6A6AF /* Sources */,
				04FB41ED25C2C2A700B6A6AF /* Frameworks */,
				04FB41EE25C2C2A700B6A6AF /* Resources */,
			);
			buildRules = (
			);
			dependencies = (
				04FB41F225C2C2A700B6A6AF /* PBXTargetDependency */,
			);
			name = TimFretelloTests;
			productName = TimFretelloTests;
			productReference = 04FB41F025C2C2A700B6A6AF /* TimFretelloTests.xctest */;
			productType = "com.apple.product-type.bundle.unit-test";
		};
		04FB41FA25C2C2A700B6A6AF /* TimFretelloUITests */ = {
			isa = PBXNativeTarget;
			buildConfigurationList = 04FB420A25C2C2A700B6A6AF /* Build configuration list for PBXNativeTarget "TimFretelloUITests" */;
			buildPhases = (
				58DA5FAAB5620BCED9B4C3CC /* [CP] Check Pods Manifest.lock */,
				04FB41F725C2C2A700B6A6AF /* Sources */,
				04FB41F825C2C2A700B6A6AF /* Frameworks */,
				04FB41F925C2C2A700B6A6AF /* Resources */,
				134E6BEBC59BD2D1A4DA5311 /* [CP] Embed Pods Frameworks */,
			);
			buildRules = (
			);
			dependencies = (
				04FB41FD25C2C2A700B6A6AF /* PBXTargetDependency */,
			);
			name = TimFretelloUITests;
			productName = TimFretelloUITests;
			productReference = 04FB41FB25C2C2A700B6A6AF /* TimFretelloUITests.xctest */;
			productType = "com.apple.product-type.bundle.ui-testing";
		};
/* End PBXNativeTarget section */

/* Begin PBXProject section */
		04FB41D225C2C2A500B6A6AF /* Project object */ = {
			isa = PBXProject;
			attributes = {
				LastSwiftUpdateCheck = 1230;
				LastUpgradeCheck = 1230;
				TargetAttributes = {
					04FB41D925C2C2A500B6A6AF = {
						CreatedOnToolsVersion = 12.3;
					};
					04FB41EF25C2C2A700B6A6AF = {
						CreatedOnToolsVersion = 12.3;
						TestTargetID = 04FB41D925C2C2A500B6A6AF;
					};
					04FB41FA25C2C2A700B6A6AF = {
						CreatedOnToolsVersion = 12.3;
						TestTargetID = 04FB41D925C2C2A500B6A6AF;
					};
				};
			};
			buildConfigurationList = 04FB41D525C2C2A500B6A6AF /* Build configuration list for PBXProject "TimFretello" */;
			compatibilityVersion = "Xcode 9.3";
			developmentRegion = en;
			hasScannedForEncodings = 0;
			knownRegions = (
				en,
				Base,
			);
			mainGroup = 04FB41D125C2C2A500B6A6AF;
			productRefGroup = 04FB41DB25C2C2A500B6A6AF /* Products */;
			projectDirPath = "";
			projectRoot = "";
			targets = (
				04FB41D925C2C2A500B6A6AF /* TimFretello */,
				04FB41EF25C2C2A700B6A6AF /* TimFretelloTests */,
				04FB41FA25C2C2A700B6A6AF /* TimFretelloUITests */,
			);
		};
/* End PBXProject section */

/* Begin PBXResourcesBuildPhase section */
		04FB41D825C2C2A500B6A6AF /* Resources */ = {
			isa = PBXResourcesBuildPhase;
			buildActionMask = 2147483647;
			files = (
				04FB41EA25C2C2A700B6A6AF /* LaunchScreen.storyboard in Resources */,
				04FB41E725C2C2A700B6A6AF /* Assets.xcassets in Resources */,
			);
			runOnlyForDeploymentPostprocessing = 0;
		};
		04FB41EE25C2C2A700B6A6AF /* Resources */ = {
			isa = PBXResourcesBuildPhase;
			buildActionMask = 2147483647;
			files = (
			);
			runOnlyForDeploymentPostprocessing = 0;
		};
		04FB41F925C2C2A700B6A6AF /* Resources */ = {
			isa = PBXResourcesBuildPhase;
			buildActionMask = 2147483647;
			files = (
			);
			runOnlyForDeploymentPostprocessing = 0;
		};
/* End PBXResourcesBuildPhase section */

/* Begin PBXShellScriptBuildPhase section */
		134E6BEBC59BD2D1A4DA5311 /* [CP] Embed Pods Frameworks */ = {
			isa = PBXShellScriptBuildPhase;
			buildActionMask = 2147483647;
			files = (
			);
			inputFileListPaths = (
				"${PODS_ROOT}/Target Support Files/Pods-TimFretello-TimFretelloUITests/Pods-TimFretello-TimFretelloUITests-frameworks-${CONFIGURATION}-input-files.xcfilelist",
			);
			name = "[CP] Embed Pods Frameworks";
			outputFileListPaths = (
				"${PODS_ROOT}/Target Support Files/Pods-TimFretello-TimFretelloUITests/Pods-TimFretello-TimFretelloUITests-frameworks-${CONFIGURATION}-output-files.xcfilelist",
			);
			runOnlyForDeploymentPostprocessing = 0;
			shellPath = /bin/sh;
			shellScript = "\"${PODS_ROOT}/Target Support Files/Pods-TimFretello-TimFretelloUITests/Pods-TimFretello-TimFretelloUITests-frameworks.sh\"\n";
			showEnvVarsInLog = 0;
		};
		2618C2DD730DB6C12064E6CF /* [CP] Check Pods Manifest.lock */ = {
			isa = PBXShellScriptBuildPhase;
			buildActionMask = 2147483647;
			files = (
			);
			inputFileListPaths = (
			);
			inputPaths = (
				"${PODS_PODFILE_DIR_PATH}/Podfile.lock",
				"${PODS_ROOT}/Manifest.lock",
			);
			name = "[CP] Check Pods Manifest.lock";
			outputFileListPaths = (
			);
			outputPaths = (
				"$(DERIVED_FILE_DIR)/Pods-TimFretelloTests-checkManifestLockResult.txt",
			);
			runOnlyForDeploymentPostprocessing = 0;
			shellPath = /bin/sh;
			shellScript = "diff \"${PODS_PODFILE_DIR_PATH}/Podfile.lock\" \"${PODS_ROOT}/Manifest.lock\" > /dev/null\nif [ $? != 0 ] ; then\n    # print error to STDERR\n    echo \"error: The sandbox is not in sync with the Podfile.lock. Run 'pod install' or update your CocoaPods installation.\" >&2\n    exit 1\nfi\n# This output is used by Xcode 'outputs' to avoid re-running this script phase.\necho \"SUCCESS\" > \"${SCRIPT_OUTPUT_FILE_0}\"\n";
			showEnvVarsInLog = 0;
		};
		58DA5FAAB5620BCED9B4C3CC /* [CP] Check Pods Manifest.lock */ = {
			isa = PBXShellScriptBuildPhase;
			buildActionMask = 2147483647;
			files = (
			);
			inputFileListPaths = (
			);
			inputPaths = (
				"${PODS_PODFILE_DIR_PATH}/Podfile.lock",
				"${PODS_ROOT}/Manifest.lock",
			);
			name = "[CP] Check Pods Manifest.lock";
			outputFileListPaths = (
			);
			outputPaths = (
				"$(DERIVED_FILE_DIR)/Pods-TimFretello-TimFretelloUITests-checkManifestLockResult.txt",
			);
			runOnlyForDeploymentPostprocessing = 0;
			shellPath = /bin/sh;
			shellScript = "diff \"${PODS_PODFILE_DIR_PATH}/Podfile.lock\" \"${PODS_ROOT}/Manifest.lock\" > /dev/null\nif [ $? != 0 ] ; then\n    # print error to STDERR\n    echo \"error: The sandbox is not in sync with the Podfile.lock. Run 'pod install' or update your CocoaPods installation.\" >&2\n    exit 1\nfi\n# This output is used by Xcode 'outputs' to avoid re-running this script phase.\necho \"SUCCESS\" > \"${SCRIPT_OUTPUT_FILE_0}\"\n";
			showEnvVarsInLog = 0;
		};
		BE73B31DC9CAE527C865BD54 /* [CP] Check Pods Manifest.lock */ = {
			isa = PBXShellScriptBuildPhase;
			buildActionMask = 2147483647;
			files = (
			);
			inputFileListPaths = (
			);
			inputPaths = (
				"${PODS_PODFILE_DIR_PATH}/Podfile.lock",
				"${PODS_ROOT}/Manifest.lock",
			);
			name = "[CP] Check Pods Manifest.lock";
			outputFileListPaths = (
			);
			outputPaths = (
				"$(DERIVED_FILE_DIR)/Pods-TimFretello-checkManifestLockResult.txt",
			);
			runOnlyForDeploymentPostprocessing = 0;
			shellPath = /bin/sh;
			shellScript = "diff \"${PODS_PODFILE_DIR_PATH}/Podfile.lock\" \"${PODS_ROOT}/Manifest.lock\" > /dev/null\nif [ $? != 0 ] ; then\n    # print error to STDERR\n    echo \"error: The sandbox is not in sync with the Podfile.lock. Run 'pod install' or update your CocoaPods installation.\" >&2\n    exit 1\nfi\n# This output is used by Xcode 'outputs' to avoid re-running this script phase.\necho \"SUCCESS\" > \"${SCRIPT_OUTPUT_FILE_0}\"\n";
			showEnvVarsInLog = 0;
		};
		DE36A3A275FA3A49AE58635E /* [CP] Embed Pods Frameworks */ = {
			isa = PBXShellScriptBuildPhase;
			buildActionMask = 2147483647;
			files = (
			);
			inputFileListPaths = (
				"${PODS_ROOT}/Target Support Files/Pods-TimFretello/Pods-TimFretello-frameworks-${CONFIGURATION}-input-files.xcfilelist",
			);
			name = "[CP] Embed Pods Frameworks";
			outputFileListPaths = (
				"${PODS_ROOT}/Target Support Files/Pods-TimFretello/Pods-TimFretello-frameworks-${CONFIGURATION}-output-files.xcfilelist",
			);
			runOnlyForDeploymentPostprocessing = 0;
			shellPath = /bin/sh;
			shellScript = "\"${PODS_ROOT}/Target Support Files/Pods-TimFretello/Pods-TimFretello-frameworks.sh\"\n";
			showEnvVarsInLog = 0;
		};
/* End PBXShellScriptBuildPhase section */

/* Begin PBXSourcesBuildPhase section */
		04FB41D625C2C2A500B6A6AF /* Sources */ = {
			isa = PBXSourcesBuildPhase;
			buildActionMask = 2147483647;
			files = (
				04FB41DE25C2C2A500B6A6AF /* AppDelegate.swift in Sources */,
				04A3DD9C25C2FEBB007ADB2C /* Constants.swift in Sources */,
				04FB425A25C2E74500B6A6AF /* SessionCell.swift in Sources */,
				04FB41E025C2C2A500B6A6AF /* SceneDelegate.swift in Sources */,
				04FB423925C2CAE200B6A6AF /* SessionsModel.swift in Sources */,
				04FB424725C2D2F600B6A6AF /* HomeViewInteractor.swift in Sources */,
				04FB421C25C2C66800B6A6AF /* HomeViewController.swift in Sources */,
				04FB423F25C2CD6D00B6A6AF /* HomeViewWorker.swift in Sources */,
				04FB424F25C2D46600B6A6AF /* HomeViewPresenter.swift in Sources */,
				04FB423125C2CA8700B6A6AF /* ApiClient.swift in Sources */,
			);
			runOnlyForDeploymentPostprocessing = 0;
		};
		04FB41EC25C2C2A700B6A6AF /* Sources */ = {
			isa = PBXSourcesBuildPhase;
			buildActionMask = 2147483647;
			files = (
				04FB41F525C2C2A700B6A6AF /* TimFretelloTests.swift in Sources */,
			);
			runOnlyForDeploymentPostprocessing = 0;
		};
		04FB41F725C2C2A700B6A6AF /* Sources */ = {
			isa = PBXSourcesBuildPhase;
			buildActionMask = 2147483647;
			files = (
				04FB420025C2C2A700B6A6AF /* TimFretelloUITests.swift in Sources */,
			);
			runOnlyForDeploymentPostprocessing = 0;
		};
/* End PBXSourcesBuildPhase section */

/* Begin PBXTargetDependency section */
		04FB41F225C2C2A700B6A6AF /* PBXTargetDependency */ = {
			isa = PBXTargetDependency;
			target = 04FB41D925C2C2A500B6A6AF /* TimFretello */;
			targetProxy = 04FB41F125C2C2A700B6A6AF /* PBXContainerItemProxy */;
		};
		04FB41FD25C2C2A700B6A6AF /* PBXTargetDependency */ = {
			isa = PBXTargetDependency;
			target = 04FB41D925C2C2A500B6A6AF /* TimFretello */;
			targetProxy = 04FB41FC25C2C2A700B6A6AF /* PBXContainerItemProxy */;
		};
/* End PBXTargetDependency section */

/* Begin PBXVariantGroup section */
		04FB41E825C2C2A700B6A6AF /* LaunchScreen.storyboard */ = {
			isa = PBXVariantGroup;
			children = (
				04FB41E925C2C2A700B6A6AF /* Base */,
			);
			name = LaunchScreen.storyboard;
			sourceTree = "<group>";
		};
/* End PBXVariantGroup section */

/* Begin XCBuildConfiguration section */
		04FB420225C2C2A700B6A6AF /* Debug */ = {
			isa = XCBuildConfiguration;
			buildSettings = {
				ALWAYS_SEARCH_USER_PATHS = NO;
				CLANG_ANALYZER_NONNULL = YES;
				CLANG_ANALYZER_NUMBER_OBJECT_CONVERSION = YES_AGGRESSIVE;
				CLANG_CXX_LANGUAGE_STANDARD = "gnu++14";
				CLANG_CXX_LIBRARY = "libc++";
				CLANG_ENABLE_MODULES = YES;
				CLANG_ENABLE_OBJC_ARC = YES;
				CLANG_ENABLE_OBJC_WEAK = YES;
				CLANG_WARN_BLOCK_CAPTURE_AUTORELEASING = YES;
				CLANG_WARN_BOOL_CONVERSION = YES;
				CLANG_WARN_COMMA = YES;
				CLANG_WARN_CONSTANT_CONVERSION = YES;
				CLANG_WARN_DEPRECATED_OBJC_IMPLEMENTATIONS = YES;
				CLANG_WARN_DIRECT_OBJC_ISA_USAGE = YES_ERROR;
				CLANG_WARN_DOCUMENTATION_COMMENTS = YES;
				CLANG_WARN_EMPTY_BODY = YES;
				CLANG_WARN_ENUM_CONVERSION = YES;
				CLANG_WARN_INFINITE_RECURSION = YES;
				CLANG_WARN_INT_CONVERSION = YES;
				CLANG_WARN_NON_LITERAL_NULL_CONVERSION = YES;
				CLANG_WARN_OBJC_IMPLICIT_RETAIN_SELF = YES;
				CLANG_WARN_OBJC_LITERAL_CONVERSION = YES;
				CLANG_WARN_OBJC_ROOT_CLASS = YES_ERROR;
				CLANG_WARN_QUOTED_INCLUDE_IN_FRAMEWORK_HEADER = YES;
				CLANG_WARN_RANGE_LOOP_ANALYSIS = YES;
				CLANG_WARN_STRICT_PROTOTYPES = YES;
				CLANG_WARN_SUSPICIOUS_MOVE = YES;
				CLANG_WARN_UNGUARDED_AVAILABILITY = YES_AGGRESSIVE;
				CLANG_WARN_UNREACHABLE_CODE = YES;
				CLANG_WARN__DUPLICATE_METHOD_MATCH = YES;
				COPY_PHASE_STRIP = NO;
				DEBUG_INFORMATION_FORMAT = dwarf;
				ENABLE_STRICT_OBJC_MSGSEND = YES;
				ENABLE_TESTABILITY = YES;
				GCC_C_LANGUAGE_STANDARD = gnu11;
				GCC_DYNAMIC_NO_PIC = NO;
				GCC_NO_COMMON_BLOCKS = YES;
				GCC_OPTIMIZATION_LEVEL = 0;
				GCC_PREPROCESSOR_DEFINITIONS = (
					"DEBUG=1",
					"$(inherited)",
				);
				GCC_WARN_64_TO_32_BIT_CONVERSION = YES;
				GCC_WARN_ABOUT_RETURN_TYPE = YES_ERROR;
				GCC_WARN_UNDECLARED_SELECTOR = YES;
				GCC_WARN_UNINITIALIZED_AUTOS = YES_AGGRESSIVE;
				GCC_WARN_UNUSED_FUNCTION = YES;
				GCC_WARN_UNUSED_VARIABLE = YES;
				IPHONEOS_DEPLOYMENT_TARGET = 14.3;
				MTL_ENABLE_DEBUG_INFO = INCLUDE_SOURCE;
				MTL_FAST_MATH = YES;
				ONLY_ACTIVE_ARCH = YES;
				SDKROOT = iphoneos;
				SWIFT_ACTIVE_COMPILATION_CONDITIONS = DEBUG;
				SWIFT_OPTIMIZATION_LEVEL = "-Onone";
			};
			name = Debug;
		};
		04FB420325C2C2A700B6A6AF /* Release */ = {
			isa = XCBuildConfiguration;
			buildSettings = {
				ALWAYS_SEARCH_USER_PATHS = NO;
				CLANG_ANALYZER_NONNULL = YES;
				CLANG_ANALYZER_NUMBER_OBJECT_CONVERSION = YES_AGGRESSIVE;
				CLANG_CXX_LANGUAGE_STANDARD = "gnu++14";
				CLANG_CXX_LIBRARY = "libc++";
				CLANG_ENABLE_MODULES = YES;
				CLANG_ENABLE_OBJC_ARC = YES;
				CLANG_ENABLE_OBJC_WEAK = YES;
				CLANG_WARN_BLOCK_CAPTURE_AUTORELEASING = YES;
				CLANG_WARN_BOOL_CONVERSION = YES;
				CLANG_WARN_COMMA = YES;
				CLANG_WARN_CONSTANT_CONVERSION = YES;
				CLANG_WARN_DEPRECATED_OBJC_IMPLEMENTATIONS = YES;
				CLANG_WARN_DIRECT_OBJC_ISA_USAGE = YES_ERROR;
				CLANG_WARN_DOCUMENTATION_COMMENTS = YES;
				CLANG_WARN_EMPTY_BODY = YES;
				CLANG_WARN_ENUM_CONVERSION = YES;
				CLANG_WARN_INFINITE_RECURSION = YES;
				CLANG_WARN_INT_CONVERSION = YES;
				CLANG_WARN_NON_LITERAL_NULL_CONVERSION = YES;
				CLANG_WARN_OBJC_IMPLICIT_RETAIN_SELF = YES;
				CLANG_WARN_OBJC_LITERAL_CONVERSION = YES;
				CLANG_WARN_OBJC_ROOT_CLASS = YES_ERROR;
				CLANG_WARN_QUOTED_INCLUDE_IN_FRAMEWORK_HEADER = YES;
				CLANG_WARN_RANGE_LOOP_ANALYSIS = YES;
				CLANG_WARN_STRICT_PROTOTYPES = YES;
				CLANG_WARN_SUSPICIOUS_MOVE = YES;
				CLANG_WARN_UNGUARDED_AVAILABILITY = YES_AGGRESSIVE;
				CLANG_WARN_UNREACHABLE_CODE = YES;
				CLANG_WARN__DUPLICATE_METHOD_MATCH = YES;
				COPY_PHASE_STRIP = NO;
				DEBUG_INFORMATION_FORMAT = "dwarf-with-dsym";
				ENABLE_NS_ASSERTIONS = NO;
				ENABLE_STRICT_OBJC_MSGSEND = YES;
				GCC_C_LANGUAGE_STANDARD = gnu11;
				GCC_NO_COMMON_BLOCKS = YES;
				GCC_WARN_64_TO_32_BIT_CONVERSION = YES;
				GCC_WARN_ABOUT_RETURN_TYPE = YES_ERROR;
				GCC_WARN_UNDECLARED_SELECTOR = YES;
				GCC_WARN_UNINITIALIZED_AUTOS = YES_AGGRESSIVE;
				GCC_WARN_UNUSED_FUNCTION = YES;
				GCC_WARN_UNUSED_VARIABLE = YES;
				IPHONEOS_DEPLOYMENT_TARGET = 14.3;
				MTL_ENABLE_DEBUG_INFO = NO;
				MTL_FAST_MATH = YES;
				SDKROOT = iphoneos;
				SWIFT_COMPILATION_MODE = wholemodule;
				SWIFT_OPTIMIZATION_LEVEL = "-O";
				VALIDATE_PRODUCT = YES;
			};
			name = Release;
		};
		04FB420525C2C2A700B6A6AF /* Debug */ = {
			isa = XCBuildConfiguration;
			baseConfigurationReference = B1A32371D675EA34A259FDAC /* Pods-TimFretello.debug.xcconfig */;
			buildSettings = {
				ASSETCATALOG_COMPILER_APPICON_NAME = AppIcon;
				ASSETCATALOG_COMPILER_GLOBAL_ACCENT_COLOR_NAME = AccentColor;
				CODE_SIGN_STYLE = Automatic;
				DEVELOPMENT_TEAM = ZB7W8B73A3;
				INFOPLIST_FILE = TimFretello/Info.plist;
				LD_RUNPATH_SEARCH_PATHS = (
					"$(inherited)",
					"@executable_path/Frameworks",
				);
				PRODUCT_BUNDLE_IDENTIFIER = com.timobe.TimFretello;
				PRODUCT_NAME = "$(TARGET_NAME)";
				SWIFT_VERSION = 5.0;
				TARGETED_DEVICE_FAMILY = "1,2";
			};
			name = Debug;
		};
		04FB420625C2C2A700B6A6AF /* Release */ = {
			isa = XCBuildConfiguration;
			baseConfigurationReference = D314092D62A34D5BA6481240 /* Pods-TimFretello.release.xcconfig */;
			buildSettings = {
				ASSETCATALOG_COMPILER_APPICON_NAME = AppIcon;
				ASSETCATALOG_COMPILER_GLOBAL_ACCENT_COLOR_NAME = AccentColor;
				CODE_SIGN_STYLE = Automatic;
				DEVELOPMENT_TEAM = ZB7W8B73A3;
				INFOPLIST_FILE = TimFretello/Info.plist;
				LD_RUNPATH_SEARCH_PATHS = (
					"$(inherited)",
					"@executable_path/Frameworks",
				);
				PRODUCT_BUNDLE_IDENTIFIER = com.timobe.TimFretello;
				PRODUCT_NAME = "$(TARGET_NAME)";
				SWIFT_VERSION = 5.0;
				TARGETED_DEVICE_FAMILY = "1,2";
			};
			name = Release;
		};
		04FB420825C2C2A700B6A6AF /* Debug */ = {
			isa = XCBuildConfiguration;
			baseConfigurationReference = 546B04B0B59F23B24AC92690 /* Pods-TimFretelloTests.debug.xcconfig */;
			buildSettings = {
				ALWAYS_EMBED_SWIFT_STANDARD_LIBRARIES = YES;
				BUNDLE_LOADER = "$(TEST_HOST)";
				CODE_SIGN_STYLE = Automatic;
				DEVELOPMENT_TEAM = ZB7W8B73A3;
				INFOPLIST_FILE = TimFretelloTests/Info.plist;
				IPHONEOS_DEPLOYMENT_TARGET = 14.3;
				LD_RUNPATH_SEARCH_PATHS = (
					"$(inherited)",
					"@executable_path/Frameworks",
					"@loader_path/Frameworks",
				);
				PRODUCT_BUNDLE_IDENTIFIER = com.timobe.TimFretelloTests;
				PRODUCT_NAME = "$(TARGET_NAME)";
				SWIFT_VERSION = 5.0;
				TARGETED_DEVICE_FAMILY = "1,2";
				TEST_HOST = "$(BUILT_PRODUCTS_DIR)/TimFretello.app/TimFretello";
			};
			name = Debug;
		};
		04FB420925C2C2A700B6A6AF /* Release */ = {
			isa = XCBuildConfiguration;
			baseConfigurationReference = 4E9AFC1C108F065500084AAC /* Pods-TimFretelloTests.release.xcconfig */;
			buildSettings = {
				ALWAYS_EMBED_SWIFT_STANDARD_LIBRARIES = YES;
				BUNDLE_LOADER = "$(TEST_HOST)";
				CODE_SIGN_STYLE = Automatic;
				DEVELOPMENT_TEAM = ZB7W8B73A3;
				INFOPLIST_FILE = TimFretelloTests/Info.plist;
				IPHONEOS_DEPLOYMENT_TARGET = 14.3;
				LD_RUNPATH_SEARCH_PATHS = (
					"$(inherited)",
					"@executable_path/Frameworks",
					"@loader_path/Frameworks",
				);
				PRODUCT_BUNDLE_IDENTIFIER = com.timobe.TimFretelloTests;
				PRODUCT_NAME = "$(TARGET_NAME)";
				SWIFT_VERSION = 5.0;
				TARGETED_DEVICE_FAMILY = "1,2";
				TEST_HOST = "$(BUILT_PRODUCTS_DIR)/TimFretello.app/TimFretello";
			};
			name = Release;
		};
		04FB420B25C2C2A700B6A6AF /* Debug */ = {
			isa = XCBuildConfiguration;
			baseConfigurationReference = C343CDA4706D663036BE26CB /* Pods-TimFretello-TimFretelloUITests.debug.xcconfig */;
			buildSettings = {
				ALWAYS_EMBED_SWIFT_STANDARD_LIBRARIES = YES;
				CODE_SIGN_STYLE = Automatic;
				DEVELOPMENT_TEAM = ZB7W8B73A3;
				INFOPLIST_FILE = TimFretelloUITests/Info.plist;
				LD_RUNPATH_SEARCH_PATHS = (
					"$(inherited)",
					"@executable_path/Frameworks",
					"@loader_path/Frameworks",
				);
				PRODUCT_BUNDLE_IDENTIFIER = com.timobe.TimFretelloUITests;
				PRODUCT_NAME = "$(TARGET_NAME)";
				SWIFT_VERSION = 5.0;
				TARGETED_DEVICE_FAMILY = "1,2";
				TEST_TARGET_NAME = TimFretello;
			};
			name = Debug;
		};
		04FB420C25C2C2A700B6A6AF /* Release */ = {
			isa = XCBuildConfiguration;
			baseConfigurationReference = 91C0D3B67B772A93EA2DF307 /* Pods-TimFretello-TimFretelloUITests.release.xcconfig */;
			buildSettings = {
				ALWAYS_EMBED_SWIFT_STANDARD_LIBRARIES = YES;
				CODE_SIGN_STYLE = Automatic;
				DEVELOPMENT_TEAM = ZB7W8B73A3;
				INFOPLIST_FILE = TimFretelloUITests/Info.plist;
				LD_RUNPATH_SEARCH_PATHS = (
					"$(inherited)",
					"@executable_path/Frameworks",
					"@loader_path/Frameworks",
				);
				PRODUCT_BUNDLE_IDENTIFIER = com.timobe.TimFretelloUITests;
				PRODUCT_NAME = "$(TARGET_NAME)";
				SWIFT_VERSION = 5.0;
				TARGETED_DEVICE_FAMILY = "1,2";
				TEST_TARGET_NAME = TimFretello;
			};
			name = Release;
		};
/* End XCBuildConfiguration section */

/* Begin XCConfigurationList section */
		04FB41D525C2C2A500B6A6AF /* Build configuration list for PBXProject "TimFretello" */ = {
			isa = XCConfigurationList;
			buildConfigurations = (
				04FB420225C2C2A700B6A6AF /* Debug */,
				04FB420325C2C2A700B6A6AF /* Release */,
			);
			defaultConfigurationIsVisible = 0;
			defaultConfigurationName = Release;
		};
		04FB420425C2C2A700B6A6AF /* Build configuration list for PBXNativeTarget "TimFretello" */ = {
			isa = XCConfigurationList;
			buildConfigurations = (
				04FB420525C2C2A700B6A6AF /* Debug */,
				04FB420625C2C2A700B6A6AF /* Release */,
			);
			defaultConfigurationIsVisible = 0;
			defaultConfigurationName = Release;
		};
		04FB420725C2C2A700B6A6AF /* Build configuration list for PBXNativeTarget "TimFretelloTests" */ = {
			isa = XCConfigurationList;
			buildConfigurations = (
				04FB420825C2C2A700B6A6AF /* Debug */,
				04FB420925C2C2A700B6A6AF /* Release */,
			);
			defaultConfigurationIsVisible = 0;
			defaultConfigurationName = Release;
		};
		04FB420A25C2C2A700B6A6AF /* Build configuration list for PBXNativeTarget "TimFretelloUITests" */ = {
			isa = XCConfigurationList;
			buildConfigurations = (
				04FB420B25C2C2A700B6A6AF /* Debug */,
				04FB420C25C2C2A700B6A6AF /* Release */,
			);
			defaultConfigurationIsVisible = 0;
			defaultConfigurationName = Release;
		};
/* End XCConfigurationList section */
	};
	rootObject = 04FB41D225C2C2A500B6A6AF /* Project object */;
}
